// !$*UTF8*$!
{
	archiveVersion = 1;
	classes = {
	};
	objectVersion = 51;
	objects = {

/* Begin PBXBuildFile section */
		CE9349A724064A03005C3A49 /* AddViewController.swift in Sources */ = {isa = PBXBuildFile; fileRef = CE9349A624064A03005C3A49 /* AddViewController.swift */; };
		CE9349AD2407B89C005C3A49 /* self.tabBar.barTintColor = [UIColor lightGrayColor];.swift in Sources */ = {isa = PBXBuildFile; fileRef = CE9349AC2407B89C005C3A49 /* self.tabBar.barTintColor = [UIColor lightGrayColor];.swift */; };
		CE9349AF2408BBD6005C3A49 /* settingViewController.swift in Sources */ = {isa = PBXBuildFile; fileRef = CE9349AE2408BBD6005C3A49 /* settingViewController.swift */; };
		CE9349B3240BA6B4005C3A49 /* detailCellViewController.swift in Sources */ = {isa = PBXBuildFile; fileRef = CE9349B2240BA6B4005C3A49 /* detailCellViewController.swift */; };
		CE9349B7240D0ED5005C3A49 /* tableview.cell.swift in Sources */ = {isa = PBXBuildFile; fileRef = CE9349B6240D0ED5005C3A49 /* tableview.cell.swift */; };
		CE9349B9240E73F4005C3A49 /* SignInViewController.swift in Sources */ = {isa = PBXBuildFile; fileRef = CE9349B8240E73F4005C3A49 /* SignInViewController.swift */; };
		CEC465002404B4D4005D8BE7 /* AppDelegate.swift in Sources */ = {isa = PBXBuildFile; fileRef = CEC464FF2404B4D4005D8BE7 /* AppDelegate.swift */; };
		CEC465022404B4D4005D8BE7 /* SceneDelegate.swift in Sources */ = {isa = PBXBuildFile; fileRef = CEC465012404B4D4005D8BE7 /* SceneDelegate.swift */; };
		CEC465072404B4D4005D8BE7 /* Main.storyboard in Resources */ = {isa = PBXBuildFile; fileRef = CEC465052404B4D4005D8BE7 /* Main.storyboard */; };
		CEC4650A2404B4D4005D8BE7 /* MinDateApp.xcdatamodeld in Sources */ = {isa = PBXBuildFile; fileRef = CEC465082404B4D4005D8BE7 /* MinDateApp.xcdatamodeld */; };
		CEC4650C2404B4D7005D8BE7 /* Assets.xcassets in Resources */ = {isa = PBXBuildFile; fileRef = CEC4650B2404B4D7005D8BE7 /* Assets.xcassets */; };
		CEC4650F2404B4D7005D8BE7 /* LaunchScreen.storyboard in Resources */ = {isa = PBXBuildFile; fileRef = CEC4650D2404B4D7005D8BE7 /* LaunchScreen.storyboard */; };
		CEC465192404B8DA005D8BE7 /* AccountViewController.swift in Sources */ = {isa = PBXBuildFile; fileRef = CEC465182404B8DA005D8BE7 /* AccountViewController.swift */; };
		CEC4651B2404B902005D8BE7 /* AppUser.swift in Sources */ = {isa = PBXBuildFile; fileRef = CEC4651A2404B902005D8BE7 /* AppUser.swift */; };
		CEC4651D2404BAE3005D8BE7 /* Post.swift in Sources */ = {isa = PBXBuildFile; fileRef = CEC4651C2404BAE3005D8BE7 /* Post.swift */; };
		CEC4651F2404BB1D005D8BE7 /* TimeLineViewController.swift in Sources */ = {isa = PBXBuildFile; fileRef = CEC4651E2404BB1D005D8BE7 /* TimeLineViewController.swift */; };
		CEC465242404C44E005D8BE7 /* Pods_MinDateApp.framework in Frameworks */ = {isa = PBXBuildFile; fileRef = B802494D746D647C28DAA219 /* Pods_MinDateApp.framework */; };
		CEC465262404C765005D8BE7 /* GoogleService-Info.plist in Resources */ = {isa = PBXBuildFile; fileRef = CEC465252404C765005D8BE7 /* GoogleService-Info.plist */; };
/* End PBXBuildFile section */

/* Begin PBXFileReference section */
		B802494D746D647C28DAA219 /* Pods_MinDateApp.framework */ = {isa = PBXFileReference; explicitFileType = wrapper.framework; includeInIndex = 0; path = Pods_MinDateApp.framework; sourceTree = BUILT_PRODUCTS_DIR; };
		CADD64419FC1D5CF7EC2F87F /* Pods-MinDateApp.release.xcconfig */ = {isa = PBXFileReference; includeInIndex = 1; lastKnownFileType = text.xcconfig; name = "Pods-MinDateApp.release.xcconfig"; path = "Target Support Files/Pods-MinDateApp/Pods-MinDateApp.release.xcconfig"; sourceTree = "<group>"; };
		CE9349A624064A03005C3A49 /* AddViewController.swift */ = {isa = PBXFileReference; lastKnownFileType = sourcecode.swift; path = AddViewController.swift; sourceTree = "<group>"; };
		CE9349AC2407B89C005C3A49 /* self.tabBar.barTintColor = [UIColor lightGrayColor];.swift */ = {isa = PBXFileReference; lastKnownFileType = sourcecode.swift; path = "self.tabBar.barTintColor = [UIColor lightGrayColor];.swift"; sourceTree = "<group>"; };
		CE9349AE2408BBD6005C3A49 /* settingViewController.swift */ = {isa = PBXFileReference; lastKnownFileType = sourcecode.swift; path = settingViewController.swift; sourceTree = "<group>"; };
		CE9349B2240BA6B4005C3A49 /* detailCellViewController.swift */ = {isa = PBXFileReference; lastKnownFileType = sourcecode.swift; path = detailCellViewController.swift; sourceTree = "<group>"; };
		CE9349B6240D0ED5005C3A49 /* tableview.cell.swift */ = {isa = PBXFileReference; lastKnownFileType = sourcecode.swift; path = tableview.cell.swift; sourceTree = "<group>"; };
		CE9349B8240E73F4005C3A49 /* SignInViewController.swift */ = {isa = PBXFileReference; lastKnownFileType = sourcecode.swift; path = SignInViewController.swift; sourceTree = "<group>"; };
		CEC464FC2404B4D4005D8BE7 /* MinDateApp.app */ = {isa = PBXFileReference; explicitFileType = wrapper.application; includeInIndex = 0; path = MinDateApp.app; sourceTree = BUILT_PRODUCTS_DIR; };
		CEC464FF2404B4D4005D8BE7 /* AppDelegate.swift */ = {isa = PBXFileReference; lastKnownFileType = sourcecode.swift; path = AppDelegate.swift; sourceTree = "<group>"; };
		CEC465012404B4D4005D8BE7 /* SceneDelegate.swift */ = {isa = PBXFileReference; lastKnownFileType = sourcecode.swift; path = SceneDelegate.swift; sourceTree = "<group>"; };
		CEC465062404B4D4005D8BE7 /* Base */ = {isa = PBXFileReference; lastKnownFileType = file.storyboard; name = Base; path = Base.lproj/Main.storyboard; sourceTree = "<group>"; };
		CEC465092404B4D4005D8BE7 /* MinDateApp.xcdatamodel */ = {isa = PBXFileReference; lastKnownFileType = wrapper.xcdatamodel; path = MinDateApp.xcdatamodel; sourceTree = "<group>"; };
		CEC4650B2404B4D7005D8BE7 /* Assets.xcassets */ = {isa = PBXFileReference; lastKnownFileType = folder.assetcatalog; path = Assets.xcassets; sourceTree = "<group>"; };
		CEC4650E2404B4D7005D8BE7 /* Base */ = {isa = PBXFileReference; lastKnownFileType = file.storyboard; name = Base; path = Base.lproj/LaunchScreen.storyboard; sourceTree = "<group>"; };
		CEC465102404B4D7005D8BE7 /* Info.plist */ = {isa = PBXFileReference; lastKnownFileType = text.plist.xml; path = Info.plist; sourceTree = "<group>"; };
		CEC465182404B8DA005D8BE7 /* AccountViewController.swift */ = {isa = PBXFileReference; lastKnownFileType = sourcecode.swift; path = AccountViewController.swift; sourceTree = "<group>"; };
		CEC4651A2404B902005D8BE7 /* AppUser.swift */ = {isa = PBXFileReference; lastKnownFileType = sourcecode.swift; path = AppUser.swift; sourceTree = "<group>"; };
		CEC4651C2404BAE3005D8BE7 /* Post.swift */ = {isa = PBXFileReference; lastKnownFileType = sourcecode.swift; path = Post.swift; sourceTree = "<group>"; };
		CEC4651E2404BB1D005D8BE7 /* TimeLineViewController.swift */ = {isa = PBXFileReference; lastKnownFileType = sourcecode.swift; path = TimeLineViewController.swift; sourceTree = "<group>"; };
		CEC465252404C765005D8BE7 /* GoogleService-Info.plist */ = {isa = PBXFileReference; fileEncoding = 4; lastKnownFileType = text.plist.xml; path = "GoogleService-Info.plist"; sourceTree = "<group>"; };
		D9D93E76177138AF05B9C195 /* Pods-MinDateApp.debug.xcconfig */ = {isa = PBXFileReference; includeInIndex = 1; lastKnownFileType = text.xcconfig; name = "Pods-MinDateApp.debug.xcconfig"; path = "Target Support Files/Pods-MinDateApp/Pods-MinDateApp.debug.xcconfig"; sourceTree = "<group>"; };
/* End PBXFileReference section */

/* Begin PBXFrameworksBuildPhase section */
		CEC464F92404B4D4005D8BE7 /* Frameworks */ = {
			isa = PBXFrameworksBuildPhase;
			buildActionMask = 2147483647;
			files = (
				CEC465242404C44E005D8BE7 /* Pods_MinDateApp.framework in Frameworks */,
			);
			runOnlyForDeploymentPostprocessing = 0;
		};
/* End PBXFrameworksBuildPhase section */

/* Begin PBXGroup section */
		3EABFE5B5BE3DE5D0FB3E0B0 /* Frameworks */ = {
			isa = PBXGroup;
			children = (
				B802494D746D647C28DAA219 /* Pods_MinDateApp.framework */,
			);
			name = Frameworks;
			sourceTree = "<group>";
		};
		834166D620B6B4B1872CF609 /* Pods */ = {
			isa = PBXGroup;
			children = (
				D9D93E76177138AF05B9C195 /* Pods-MinDateApp.debug.xcconfig */,
				CADD64419FC1D5CF7EC2F87F /* Pods-MinDateApp.release.xcconfig */,
			);
			path = Pods;
			sourceTree = "<group>";
		};
		CEC464F32404B4D4005D8BE7 = {
			isa = PBXGroup;
			children = (
				CEC464FE2404B4D4005D8BE7 /* MinDateApp */,
				CEC464FD2404B4D4005D8BE7 /* Products */,
				834166D620B6B4B1872CF609 /* Pods */,
				3EABFE5B5BE3DE5D0FB3E0B0 /* Frameworks */,
			);
			sourceTree = "<group>";
		};
		CEC464FD2404B4D4005D8BE7 /* Products */ = {
			isa = PBXGroup;
			children = (
				CEC464FC2404B4D4005D8BE7 /* MinDateApp.app */,
			);
			name = Products;
			sourceTree = "<group>";
		};
		CEC464FE2404B4D4005D8BE7 /* MinDateApp */ = {
			isa = PBXGroup;
			children = (
				CEC464FF2404B4D4005D8BE7 /* AppDelegate.swift */,
				CEC465252404C765005D8BE7 /* GoogleService-Info.plist */,
				CEC465012404B4D4005D8BE7 /* SceneDelegate.swift */,
				CEC465052404B4D4005D8BE7 /* Main.storyboard */,
				CE9349B8240E73F4005C3A49 /* SignInViewController.swift */,
				CE9349AE2408BBD6005C3A49 /* settingViewController.swift */,
				CEC4651A2404B902005D8BE7 /* AppUser.swift */,
				CE9349AC2407B89C005C3A49 /* self.tabBar.barTintColor = [UIColor lightGrayColor];.swift */,
				CEC465182404B8DA005D8BE7 /* AccountViewController.swift */,
				CEC4651C2404BAE3005D8BE7 /* Post.swift */,
				CEC4651E2404BB1D005D8BE7 /* TimeLineViewController.swift */,
				CE9349B6240D0ED5005C3A49 /* tableview.cell.swift */,
				CE9349B2240BA6B4005C3A49 /* detailCellViewController.swift */,
				CE9349A624064A03005C3A49 /* AddViewController.swift */,
				CEC4650B2404B4D7005D8BE7 /* Assets.xcassets */,
				CEC4650D2404B4D7005D8BE7 /* LaunchScreen.storyboard */,
				CEC465102404B4D7005D8BE7 /* Info.plist */,
				CEC465082404B4D4005D8BE7 /* MinDateApp.xcdatamodeld */,
			);
			path = MinDateApp;
			sourceTree = "<group>";
		};
/* End PBXGroup section */

/* Begin PBXNativeTarget section */
		CEC464FB2404B4D4005D8BE7 /* MinDateApp */ = {
			isa = PBXNativeTarget;
			buildConfigurationList = CEC465132404B4D7005D8BE7 /* Build configuration list for PBXNativeTarget "MinDateApp" */;
			buildPhases = (
				98A10BC726F9372B2DC22E04 /* [CP] Check Pods Manifest.lock */,
				CEC464F82404B4D4005D8BE7 /* Sources */,
				CEC464F92404B4D4005D8BE7 /* Frameworks */,
				CEC464FA2404B4D4005D8BE7 /* Resources */,
				278B58142B1CDDAE5C43534F /* [CP] Embed Pods Frameworks */,
			);
			buildRules = (
			);
			dependencies = (
			);
			name = MinDateApp;
			productName = MinDateApp;
			productReference = CEC464FC2404B4D4005D8BE7 /* MinDateApp.app */;
			productType = "com.apple.product-type.application";
		};
/* End PBXNativeTarget section */

/* Begin PBXProject section */
		CEC464F42404B4D4005D8BE7 /* Project object */ = {
			isa = PBXProject;
			attributes = {
				LastSwiftUpdateCheck = 1130;
				LastUpgradeCheck = 1130;
				ORGANIZATIONNAME = USER;
				TargetAttributes = {
					CEC464FB2404B4D4005D8BE7 = {
						CreatedOnToolsVersion = 11.3.1;
					};
				};
			};
			buildConfigurationList = CEC464F72404B4D4005D8BE7 /* Build configuration list for PBXProject "MinDateApp" */;
			compatibilityVersion = "Xcode 9.3";
			developmentRegion = en;
			hasScannedForEncodings = 0;
			knownRegions = (
				en,
				Base,
			);
			mainGroup = CEC464F32404B4D4005D8BE7;
			productRefGroup = CEC464FD2404B4D4005D8BE7 /* Products */;
			projectDirPath = "";
			projectRoot = "";
			targets = (
				CEC464FB2404B4D4005D8BE7 /* MinDateApp */,
			);
		};
/* End PBXProject section */

/* Begin PBXResourcesBuildPhase section */
		CEC464FA2404B4D4005D8BE7 /* Resources */ = {
			isa = PBXResourcesBuildPhase;
			buildActionMask = 2147483647;
			files = (
				CEC4650F2404B4D7005D8BE7 /* LaunchScreen.storyboard in Resources */,
				CEC465262404C765005D8BE7 /* GoogleService-Info.plist in Resources */,
				CEC4650C2404B4D7005D8BE7 /* Assets.xcassets in Resources */,
				CEC465072404B4D4005D8BE7 /* Main.storyboard in Resources */,
			);
			runOnlyForDeploymentPostprocessing = 0;
		};
/* End PBXResourcesBuildPhase section */

/* Begin PBXShellScriptBuildPhase section */
		278B58142B1CDDAE5C43534F /* [CP] Embed Pods Frameworks */ = {
			isa = PBXShellScriptBuildPhase;
			buildActionMask = 2147483647;
			files = (
			);
			inputFileListPaths = (
				"${PODS_ROOT}/Target Support Files/Pods-MinDateApp/Pods-MinDateApp-frameworks-${CONFIGURATION}-input-files.xcfilelist",
			);
			name = "[CP] Embed Pods Frameworks";
			outputFileListPaths = (
				"${PODS_ROOT}/Target Support Files/Pods-MinDateApp/Pods-MinDateApp-frameworks-${CONFIGURATION}-output-files.xcfilelist",
			);
			runOnlyForDeploymentPostprocessing = 0;
			shellPath = /bin/sh;
			shellScript = "\"${PODS_ROOT}/Target Support Files/Pods-MinDateApp/Pods-MinDateApp-frameworks.sh\"\n";
			showEnvVarsInLog = 0;
		};
		98A10BC726F9372B2DC22E04 /* [CP] Check Pods Manifest.lock */ = {
			isa = PBXShellScriptBuildPhase;
			buildActionMask = 2147483647;
			files = (
			);
			inputFileListPaths = (
			);
			inputPaths = (
				"${PODS_PODFILE_DIR_PATH}/Podfile.lock",
				"${PODS_ROOT}/Manifest.lock",
			);
			name = "[CP] Check Pods Manifest.lock";
			outputFileListPaths = (
			);
			outputPaths = (
				"$(DERIVED_FILE_DIR)/Pods-MinDateApp-checkManifestLockResult.txt",
			);
			runOnlyForDeploymentPostprocessing = 0;
			shellPath = /bin/sh;
			shellScript = "diff \"${PODS_PODFILE_DIR_PATH}/Podfile.lock\" \"${PODS_ROOT}/Manifest.lock\" > /dev/null\nif [ $? != 0 ] ; then\n    # print error to STDERR\n    echo \"error: The sandbox is not in sync with the Podfile.lock. Run 'pod install' or update your CocoaPods installation.\" >&2\n    exit 1\nfi\n# This output is used by Xcode 'outputs' to avoid re-running this script phase.\necho \"SUCCESS\" > \"${SCRIPT_OUTPUT_FILE_0}\"\n";
			showEnvVarsInLog = 0;
		};
/* End PBXShellScriptBuildPhase section */

/* Begin PBXSourcesBuildPhase section */
		CEC464F82404B4D4005D8BE7 /* Sources */ = {
			isa = PBXSourcesBuildPhase;
			buildActionMask = 2147483647;
			files = (
				CE9349B7240D0ED5005C3A49 /* tableview.cell.swift in Sources */,
				CEC465002404B4D4005D8BE7 /* AppDelegate.swift in Sources */,
				CE9349AD2407B89C005C3A49 /* self.tabBar.barTintColor = [UIColor lightGrayColor];.swift in Sources */,
				CEC4651B2404B902005D8BE7 /* AppUser.swift in Sources */,
				CE9349A724064A03005C3A49 /* AddViewController.swift in Sources */,
				CE9349B9240E73F4005C3A49 /* SignInViewController.swift in Sources */,
				CEC4651F2404BB1D005D8BE7 /* TimeLineViewController.swift in Sources */,
				CEC4650A2404B4D4005D8BE7 /* MinDateApp.xcdatamodeld in Sources */,
				CEC4651D2404BAE3005D8BE7 /* Post.swift in Sources */,
				CE9349AF2408BBD6005C3A49 /* settingViewController.swift in Sources */,
				CEC465192404B8DA005D8BE7 /* AccountViewController.swift in Sources */,
				CE9349B3240BA6B4005C3A49 /* detailCellViewController.swift in Sources */,
				CEC465022404B4D4005D8BE7 /* SceneDelegate.swift in Sources */,
			);
			runOnlyForDeploymentPostprocessing = 0;
		};
/* End PBXSourcesBuildPhase section */

/* Begin PBXVariantGroup section */
		CEC465052404B4D4005D8BE7 /* Main.storyboard */ = {
			isa = PBXVariantGroup;
			children = (
				CEC465062404B4D4005D8BE7 /* Base */,
			);
			name = Main.storyboard;
			sourceTree = "<group>";
		};
		CEC4650D2404B4D7005D8BE7 /* LaunchScreen.storyboard */ = {
			isa = PBXVariantGroup;
			children = (
				CEC4650E2404B4D7005D8BE7 /* Base */,
			);
			name = LaunchScreen.storyboard;
			sourceTree = "<group>";
		};
/* End PBXVariantGroup section */

/* Begin XCBuildConfiguration section */
		CEC465112404B4D7005D8BE7 /* Debug */ = {
			isa = XCBuildConfiguration;
			buildSettings = {
				ALWAYS_SEARCH_USER_PATHS = NO;
				CLANG_ANALYZER_NONNULL = YES;
				CLANG_ANALYZER_NUMBER_OBJECT_CONVERSION = YES_AGGRESSIVE;
				CLANG_CXX_LANGUAGE_STANDARD = "gnu++14";
				CLANG_CXX_LIBRARY = "libc++";
				CLANG_ENABLE_MODULES = YES;
				CLANG_ENABLE_OBJC_ARC = YES;
				CLANG_ENABLE_OBJC_WEAK = YES;
				CLANG_WARN_BLOCK_CAPTURE_AUTORELEASING = YES;
				CLANG_WARN_BOOL_CONVERSION = YES;
				CLANG_WARN_COMMA = YES;
				CLANG_WARN_CONSTANT_CONVERSION = YES;
				CLANG_WARN_DEPRECATED_OBJC_IMPLEMENTATIONS = YES;
				CLANG_WARN_DIRECT_OBJC_ISA_USAGE = YES_ERROR;
				CLANG_WARN_DOCUMENTATION_COMMENTS = YES;
				CLANG_WARN_EMPTY_BODY = YES;
				CLANG_WARN_ENUM_CONVERSION = YES;
				CLANG_WARN_INFINITE_RECURSION = YES;
				CLANG_WARN_INT_CONVERSION = YES;
				CLANG_WARN_NON_LITERAL_NULL_CONVERSION = YES;
				CLANG_WARN_OBJC_IMPLICIT_RETAIN_SELF = YES;
				CLANG_WARN_OBJC_LITERAL_CONVERSION = YES;
				CLANG_WARN_OBJC_ROOT_CLASS = YES_ERROR;
				CLANG_WARN_RANGE_LOOP_ANALYSIS = YES;
				CLANG_WARN_STRICT_PROTOTYPES = YES;
				CLANG_WARN_SUSPICIOUS_MOVE = YES;
				CLANG_WARN_UNGUARDED_AVAILABILITY = YES_AGGRESSIVE;
				CLANG_WARN_UNREACHABLE_CODE = YES;
				CLANG_WARN__DUPLICATE_METHOD_MATCH = YES;
				COPY_PHASE_STRIP = NO;
				DEBUG_INFORMATION_FORMAT = dwarf;
				ENABLE_STRICT_OBJC_MSGSEND = YES;
				ENABLE_TESTABILITY = YES;
				GCC_C_LANGUAGE_STANDARD = gnu11;
				GCC_DYNAMIC_NO_PIC = NO;
				GCC_NO_COMMON_BLOCKS = YES;
				GCC_OPTIMIZATION_LEVEL = 0;
				GCC_PREPROCESSOR_DEFINITIONS = (
					"DEBUG=1",
					"$(inherited)",
				);
				GCC_WARN_64_TO_32_BIT_CONVERSION = YES;
				GCC_WARN_ABOUT_RETURN_TYPE = YES_ERROR;
				GCC_WARN_UNDECLARED_SELECTOR = YES;
				GCC_WARN_UNINITIALIZED_AUTOS = YES_AGGRESSIVE;
				GCC_WARN_UNUSED_FUNCTION = YES;
				GCC_WARN_UNUSED_VARIABLE = YES;
				IPHONEOS_DEPLOYMENT_TARGET = 13.2;
				MTL_ENABLE_DEBUG_INFO = INCLUDE_SOURCE;
				MTL_FAST_MATH = YES;
				ONLY_ACTIVE_ARCH = YES;
				SDKROOT = iphoneos;
				SWIFT_ACTIVE_COMPILATION_CONDITIONS = DEBUG;
				SWIFT_OPTIMIZATION_LEVEL = "-Onone";
			};
			name = Debug;
		};
		CEC465122404B4D7005D8BE7 /* Release */ = {
			isa = XCBuildConfiguration;
			buildSettings = {
				ALWAYS_SEARCH_USER_PATHS = NO;
				CLANG_ANALYZER_NONNULL = YES;
				CLANG_ANALYZER_NUMBER_OBJECT_CONVERSION = YES_AGGRESSIVE;
				CLANG_CXX_LANGUAGE_STANDARD = "gnu++14";
				CLANG_CXX_LIBRARY = "libc++";
				CLANG_ENABLE_MODULES = YES;
				CLANG_ENABLE_OBJC_ARC = YES;
				CLANG_ENABLE_OBJC_WEAK = YES;
				CLANG_WARN_BLOCK_CAPTURE_AUTORELEASING = YES;
				CLANG_WARN_BOOL_CONVERSION = YES;
				CLANG_WARN_COMMA = YES;
				CLANG_WARN_CONSTANT_CONVERSION = YES;
				CLANG_WARN_DEPRECATED_OBJC_IMPLEMENTATIONS = YES;
				CLANG_WARN_DIRECT_OBJC_ISA_USAGE = YES_ERROR;
				CLANG_WARN_DOCUMENTATION_COMMENTS = YES;
				CLANG_WARN_EMPTY_BODY = YES;
				CLANG_WARN_ENUM_CONVERSION = YES;
				CLANG_WARN_INFINITE_RECURSION = YES;
				CLANG_WARN_INT_CONVERSION = YES;
				CLANG_WARN_NON_LITERAL_NULL_CONVERSION = YES;
				CLANG_WARN_OBJC_IMPLICIT_RETAIN_SELF = YES;
				CLANG_WARN_OBJC_LITERAL_CONVERSION = YES;
				CLANG_WARN_OBJC_ROOT_CLASS = YES_ERROR;
				CLANG_WARN_RANGE_LOOP_ANALYSIS = YES;
				CLANG_WARN_STRICT_PROTOTYPES = YES;
				CLANG_WARN_SUSPICIOUS_MOVE = YES;
				CLANG_WARN_UNGUARDED_AVAILABILITY = YES_AGGRESSIVE;
				CLANG_WARN_UNREACHABLE_CODE = YES;
				CLANG_WARN__DUPLICATE_METHOD_MATCH = YES;
				COPY_PHASE_STRIP = NO;
				DEBUG_INFORMATION_FORMAT = "dwarf-with-dsym";
				ENABLE_NS_ASSERTIONS = NO;
				ENABLE_STRICT_OBJC_MSGSEND = YES;
				GCC_C_LANGUAGE_STANDARD = gnu11;
				GCC_NO_COMMON_BLOCKS = YES;
				GCC_WARN_64_TO_32_BIT_CONVERSION = YES;
				GCC_WARN_ABOUT_RETURN_TYPE = YES_ERROR;
				GCC_WARN_UNDECLARED_SELECTOR = YES;
				GCC_WARN_UNINITIALIZED_AUTOS = YES_AGGRESSIVE;
				GCC_WARN_UNUSED_FUNCTION = YES;
				GCC_WARN_UNUSED_VARIABLE = YES;
				IPHONEOS_DEPLOYMENT_TARGET = 13.2;
				MTL_ENABLE_DEBUG_INFO = NO;
				MTL_FAST_MATH = YES;
				SDKROOT = iphoneos;
				SWIFT_COMPILATION_MODE = wholemodule;
				SWIFT_OPTIMIZATION_LEVEL = "-O";
				VALIDATE_PRODUCT = YES;
			};
			name = Release;
		};
		CEC465142404B4D7005D8BE7 /* Debug */ = {
			isa = XCBuildConfiguration;
			baseConfigurationReference = D9D93E76177138AF05B9C195 /* Pods-MinDateApp.debug.xcconfig */;
			buildSettings = {
				ASSETCATALOG_COMPILER_APPICON_NAME = AppIcon;
				CODE_SIGN_STYLE = Automatic;
				DEVELOPMENT_TEAM = 4PXVDQMGAW;
				INFOPLIST_FILE = MinDateApp/Info.plist;
				LD_RUNPATH_SEARCH_PATHS = (
					"$(inherited)",
					"@executable_path/Frameworks",
				);
				PRODUCT_BUNDLE_IDENTIFIER = "ikepon413-icloud.co.jp.MinDateApp";
				PRODUCT_NAME = "$(TARGET_NAME)";
				SWIFT_VERSION = 5.0;
				TARGETED_DEVICE_FAMILY = "1,2";
			};
			name = Debug;
		};
		CEC465152404B4D7005D8BE7 /* Release */ = {
			isa = XCBuildConfiguration;
			baseConfigurationReference = CADD64419FC1D5CF7EC2F87F /* Pods-MinDateApp.release.xcconfig */;
			buildSettings = {
				ASSETCATALOG_COMPILER_APPICON_NAME = AppIcon;
				CODE_SIGN_STYLE = Automatic;
				DEVELOPMENT_TEAM = 4PXVDQMGAW;
				INFOPLIST_FILE = MinDateApp/Info.plist;
				LD_RUNPATH_SEARCH_PATHS = (
					"$(inherited)",
					"@executable_path/Frameworks",
				);
				PRODUCT_BUNDLE_IDENTIFIER = "ikepon413-icloud.co.jp.MinDateApp";
				PRODUCT_NAME = "$(TARGET_NAME)";
				SWIFT_VERSION = 5.0;
				TARGETED_DEVICE_FAMILY = "1,2";
			};
			name = Release;
		};
/* End XCBuildConfiguration section */

/* Begin XCConfigurationList section */
		CEC464F72404B4D4005D8BE7 /* Build configuration list for PBXProject "MinDateApp" */ = {
			isa = XCConfigurationList;
			buildConfigurations = (
				CEC465112404B4D7005D8BE7 /* Debug */,
				CEC465122404B4D7005D8BE7 /* Release */,
			);
			defaultConfigurationIsVisible = 0;
			defaultConfigurationName = Release;
		};
		CEC465132404B4D7005D8BE7 /* Build configuration list for PBXNativeTarget "MinDateApp" */ = {
			isa = XCConfigurationList;
			buildConfigurations = (
				CEC465142404B4D7005D8BE7 /* Debug */,
				CEC465152404B4D7005D8BE7 /* Release */,
			);
			defaultConfigurationIsVisible = 0;
			defaultConfigurationName = Release;
		};
/* End XCConfigurationList section */

/* Begin XCVersionGroup section */
		CEC465082404B4D4005D8BE7 /* MinDateApp.xcdatamodeld */ = {
			isa = XCVersionGroup;
			children = (
				CEC465092404B4D4005D8BE7 /* MinDateApp.xcdatamodel */,
			);
			currentVersion = CEC465092404B4D4005D8BE7 /* MinDateApp.xcdatamodel */;
			path = MinDateApp.xcdatamodeld;
			sourceTree = "<group>";
			versionGroupType = wrapper.xcdatamodel;
		};
/* End XCVersionGroup section */
	};
	rootObject = CEC464F42404B4D4005D8BE7 /* Project object */;
}
